
Microsoft Visual Studio Solution File, Format Version 12.00
# Visual Studio Version 17
VisualStudioVersion = 17.9.34701.34
MinimumVisualStudioVersion = 10.0.40219.1
Project("{9A19103F-16F7-4668-BE54-9A1E7A4F7556}") = "UtilitiesServices", "..\Utilities\UtilitiesServices.csproj", "{D355A690-7B5F-4889-AC01-0CC71FC35D5A}"
EndProject
Project("{9A19103F-16F7-4668-BE54-9A1E7A4F7556}") = "JetSend.Domain", "..\Domain\JetSend.Domain.csproj", "{3566FD4A-62D1-4B49-BE95-E00B39CD8B8B}"
EndProject
Project("{9A19103F-16F7-4668-BE54-9A1E7A4F7556}") = "JetSend.Services", "..\Services\JetSend.Services.csproj", "{D0C93082-F54F-4294-AC52-906AA71996E8}"
EndProject
Project("{9A19103F-16F7-4668-BE54-9A1E7A4F7556}") = "JetSend.Respository", "..\Respository\JetSend.Respository.csproj", "{DF7B6396-CCC1-4141-A70B-341E07392797}"
EndProject
Project("{FAE04EC0-301F-11D3-BF4B-00C04F79EFBC}") = "JetSend.API", "..\API\JetSend.API.csproj", "{C3DEA67F-4D37-0176-A644-83161EBE9817}"
EndProject
Global
	GlobalSection(SolutionConfigurationPlatforms) = preSolution
		Debug|Any CPU = Debug|Any CPU
		Release|Any CPU = Release|Any CPU
	EndGlobalSection
	GlobalSection(ProjectConfigurationPlatforms) = postSolution
		{D355A690-7B5F-4889-AC01-0CC71FC35D5A}.Debug|Any CPU.ActiveCfg = Debug|Any CPU
		{D355A690-7B5F-4889-AC01-0CC71FC35D5A}.Debug|Any CPU.Build.0 = Debug|Any CPU
		{D355A690-7B5F-4889-AC01-0CC71FC35D5A}.Release|Any CPU.ActiveCfg = Release|Any CPU
		{D355A690-7B5F-4889-AC01-0CC71FC35D5A}.Release|Any CPU.Build.0 = Release|Any CPU
		{3566FD4A-62D1-4B49-BE95-E00B39CD8B8B}.Debug|Any CPU.ActiveCfg = Debug|Any CPU
		{3566FD4A-62D1-4B49-BE95-E00B39CD8B8B}.Debug|Any CPU.Build.0 = Debug|Any CPU
		{3566FD4A-62D1-4B49-BE95-E00B39CD8B8B}.Release|Any CPU.ActiveCfg = Release|Any CPU
		{3566FD4A-62D1-4B49-BE95-E00B39CD8B8B}.Release|Any CPU.Build.0 = Release|Any CPU
		{D0C93082-F54F-4294-AC52-906AA71996E8}.Debug|Any CPU.ActiveCfg = Debug|Any CPU
		{D0C93082-F54F-4294-AC52-906AA71996E8}.Debug|Any CPU.Build.0 = Debug|Any CPU
		{D0C93082-F54F-4294-AC52-906AA71996E8}.Release|Any CPU.ActiveCfg = Release|Any CPU
		{D0C93082-F54F-4294-AC52-906AA71996E8}.Release|Any CPU.Build.0 = Release|Any CPU
		{DF7B6396-CCC1-4141-A70B-341E07392797}.Debug|Any CPU.ActiveCfg = Debug|Any CPU
		{DF7B6396-CCC1-4141-A70B-341E07392797}.Debug|Any CPU.Build.0 = Debug|Any CPU
		{DF7B6396-CCC1-4141-A70B-341E07392797}.Release|Any CPU.ActiveCfg = Release|Any CPU
		{DF7B6396-CCC1-4141-A70B-341E07392797}.Release|Any CPU.Build.0 = Release|Any CPU
		{C3DEA67F-4D37-0176-A644-83161EBE9817}.Debug|Any CPU.ActiveCfg = Debug|Any CPU
		{C3DEA67F-4D37-0176-A644-83161EBE9817}.Debug|Any CPU.Build.0 = Debug|Any CPU
		{C3DEA67F-4D37-0176-A644-83161EBE9817}.Release|Any CPU.ActiveCfg = Release|Any CPU
		{C3DEA67F-4D37-0176-A644-83161EBE9817}.Release|Any CPU.Build.0 = Release|Any CPU
	EndGlobalSection
	GlobalSection(SolutionProperties) = preSolution
		HideSolutionNode = FALSE
	EndGlobalSection
	GlobalSection(ExtensibilityGlobals) = postSolution
		SolutionGuid = {05B0293D-C4C0-4478-9193-86C50961AAB6}
	EndGlobalSection
EndGlobal
